<?xml version="1.0" encoding="utf-8"?>
<Project ToolsVersion="4.0" xmlns="http://schemas.microsoft.com/developer/msbuild/2003">
  <ItemGroup>
    <Filter Include="Source Files">
      <UniqueIdentifier>{4FC737F1-C7A5-4376-A066-2A32D752A2FF}</UniqueIdentifier>
      <Extensions>cpp;c;cc;cxx;def;odl;idl;hpj;bat;asm;asmx</Extensions>
    </Filter>
    <Filter Include="Header Files">
      <UniqueIdentifier>{93995380-89BD-4b04-88EB-625FBE52EBFB}</UniqueIdentifier>
      <Extensions>h;hh;hpp;hxx;hm;inl;inc;xsd</Extensions>
    </Filter>
    <Filter Include="Resource Files">
      <UniqueIdentifier>{67DA6AB6-F800-4c08-8B7A-83BB121AAD01}</UniqueIdentifier>
      <Extensions>rc;ico;cur;bmp;dlg;rc2;rct;bin;rgs;gif;jpg;jpeg;jpe;resx;tiff;tif;png;wav;mfcribbon-ms</Extensions>
    </Filter>
  </ItemGroup>
  <ItemGroup>
    <ClCompile Include="source\gfx\context.cpp">
      <Filter>Source Files</Filter>
    </ClCompile>
    <ClCompile Include="source\gfx\frame_buffer.cpp">
      <Filter>Source Files</Filter>
    </ClCompile>
    <ClCompile Include="source\gfx\mesh.cpp">
      <Filter>Source Files</Filter>
    </ClCompile>
    <ClCompile Include="source\gfx\sampler.cpp">
      <Filter>Source Files</Filter>
    </ClCompile>
    <ClCompile Include="source\gfx\vertex_buffer.cpp">
      <Filter>Source Files</Filter>
    </ClCompile>
    <ClCompile Include="source\gfx\texture.cpp">
      <Filter>Source Files</Filter>
    </ClCompile>
    <ClCompile Include="source\physics\physics_allocator.cpp">
      <Filter>Source Files</Filter>
    </ClCompile>
    <ClCompile Include="source\physics\physics_error_callback.cpp">
      <Filter>Source Files</Filter>
    </ClCompile>
    <ClCompile Include="source\gfx\shader.cpp">
      <Filter>Source Files</Filter>
    </ClCompile>
    <ClCompile Include="source\core\window.cpp">
      <Filter>Source Files</Filter>
    </ClCompile>
    <ClCompile Include="source\stb_image.cpp">
      <Filter>Source Files</Filter>
    </ClCompile>
    <ClCompile Include="source\gfx\pipeline.cpp">
      <Filter>Source Files</Filter>
    </ClCompile>
    <ClCompile Include="source\util\maths.cpp">
      <Filter>Source Files</Filter>
    </ClCompile>
    <ClCompile Include="source\core\inputs\cursor.cpp">
      <Filter>Source Files</Filter>
    </ClCompile>
    <ClCompile Include="source\core\inputs\keyboard.cpp">
      <Filter>Source Files</Filter>
    </ClCompile>
    <ClCompile Include="source\core\inputs\mouse.cpp">
      <Filter>Source Files</Filter>
    </ClCompile>
    <ClCompile Include="source\util\FastNoise.cpp">
      <Filter>Source Files</Filter>
    </ClCompile>
    <ClCompile Include="source\core\ecs\pool.cpp">
      <Filter>Source Files</Filter>
    </ClCompile>
    <ClCompile Include="source\core\ecs\ievent.cpp">
      <Filter>Source Files</Filter>
    </ClCompile>
    <ClCompile Include="source\core\ecs\event.cpp">
      <Filter>Source Files</Filter>
    </ClCompile>
    <ClCompile Include="source\core\ecs\event_manager.cpp">
      <Filter>Source Files</Filter>
    </ClCompile>
    <ClCompile Include="source\core\ecs\entity.cpp">
      <Filter>Source Files</Filter>
    </ClCompile>
    <ClCompile Include="source\core\ecs\isystem.cpp">
      <Filter>Source Files</Filter>
    </ClCompile>
    <ClCompile Include="source\core\ecs\system.cpp">
      <Filter>Source Files</Filter>
    </ClCompile>
    <ClCompile Include="source\core\timer.cpp">
      <Filter>Source Files</Filter>
    </ClCompile>
    <ClCompile Include="source\core\core.cpp">
      <Filter>Source Files</Filter>
    </ClCompile>
    <ClCompile Include="source\core\debug_system.cpp">
      <Filter>Source Files</Filter>
    </ClCompile>
    <ClCompile Include="source\rendering\scene_renderer.cpp">
      <Filter>Source Files</Filter>
    </ClCompile>
    <ClCompile Include="source\rendering\ui_renderer.cpp">
      <Filter>Source Files</Filter>
    </ClCompile>
    <ClCompile Include="source\ui\nk_ui.cpp">
      <Filter>Source Files</Filter>
    </ClCompile>
    <ClCompile Include="source\ui\ui_layer.cpp">
      <Filter>Source Files</Filter>
    </ClCompile>
    <ClCompile Include="source\rendering\render_system.cpp">
      <Filter>Source Files</Filter>
    </ClCompile>
    <ClCompile Include="source\ui\components\slider_component.cpp">
      <Filter>Source Files</Filter>
    </ClCompile>
    <ClCompile Include="source\ui\components\label_component.cpp">
      <Filter>Source Files</Filter>
    </ClCompile>
    <ClCompile Include="source\ui\components\button_component.cpp">
      <Filter>Source Files</Filter>
    </ClCompile>
    <ClCompile Include="source\ui\fps_widget.cpp">
      <Filter>Source Files</Filter>
    </ClCompile>
    <ClCompile Include="source\ui\layout.cpp">
      <Filter>Source Files</Filter>
    </ClCompile>
    <ClCompile Include="source\ui\debug_widget.cpp">
      <Filter>Source Files</Filter>
    </ClCompile>
    <ClCompile Include="source\rendering\screenshot_system.cpp">
      <Filter>Source Files</Filter>
    </ClCompile>
    <ClCompile Include="source\rendering\material.cpp">
      <Filter>Source Files</Filter>
    </ClCompile>
    <ClCompile Include="source\rendering\terrain.cpp">
      <Filter>Source Files</Filter>
    </ClCompile>
    <ClCompile Include="source\rendering\uniform.cpp">
      <Filter>Source Files</Filter>
    </ClCompile>
    <ClCompile Include="source\rendering\resource_library.cpp">
      <Filter>Source Files</Filter>
    </ClCompile>
    <ClCompile Include="source\rendering\shader_buffer.cpp">
      <Filter>Source Files</Filter>
    </ClCompile>
    <ClCompile Include="source\core\engine_settings.cpp">
      <Filter>Source Files</Filter>
    </ClCompile>
    <ClCompile Include="source\rendering\lighting_manager.cpp">
      <Filter>Source Files</Filter>
    </ClCompile>
    <ClCompile Include="source\core\engine.cpp">
      <Filter>Source Files</Filter>
    </ClCompile>
    <ClCompile Include="source\physics\physics_system.cpp">
      <Filter>Source Files</Filter>
    </ClCompile>
    <ClCompile Include="source\core\lookup_table.cpp">
      <Filter>Source Files</Filter>
    </ClCompile>
    <ClCompile Include="source\core\texture_data.cpp">
      <Filter>Source Files</Filter>
    </ClCompile>
    <ClCompile Include="source\core\assets\texture_library.cpp">
      <Filter>Source Files</Filter>
    </ClCompile>
    <ClCompile Include="source\core\assets\pipeline_library.cpp">
      <Filter>Source Files</Filter>
    </ClCompile>
    <ClCompile Include="source\core\assets\mesh_library.cpp">
      <Filter>Source Files</Filter>
    </ClCompile>
    <ClCompile Include="source\core\assets\material_library.cpp">
      <Filter>Source Files</Filter>
    </ClCompile>
    <ClCompile Include="source\physics\physics_manager.cpp">
      <Filter>Source Files</Filter>
    </ClCompile>
    <ClCompile Include="source\physics\physics_actor.cpp">
      <Filter>Source Files</Filter>
    </ClCompile>
    <ClCompile Include="source\ui\nuklear\nuklear_buffer.c">
      <Filter>Source Files</Filter>
    </ClCompile>
    <ClCompile Include="source\ui\nuklear\nuklear_button.c">
      <Filter>Source Files</Filter>
    </ClCompile>
    <ClCompile Include="source\ui\nuklear\nuklear_chart.c">
      <Filter>Source Files</Filter>
    </ClCompile>
    <ClCompile Include="source\ui\nuklear\nuklear_color.c">
      <Filter>Source Files</Filter>
    </ClCompile>
    <ClCompile Include="source\ui\nuklear\nuklear_color_picker.c">
      <Filter>Source Files</Filter>
    </ClCompile>
    <ClCompile Include="source\ui\nuklear\nuklear_combo.c">
      <Filter>Source Files</Filter>
    </ClCompile>
    <ClCompile Include="source\ui\nuklear\nuklear_context.c">
      <Filter>Source Files</Filter>
    </ClCompile>
    <ClCompile Include="source\ui\nuklear\nuklear_contextual.c">
      <Filter>Source Files</Filter>
    </ClCompile>
    <ClCompile Include="source\ui\nuklear\nuklear_draw.c">
      <Filter>Source Files</Filter>
    </ClCompile>
    <ClCompile Include="source\ui\nuklear\nuklear_edit.c">
      <Filter>Source Files</Filter>
    </ClCompile>
    <ClCompile Include="source\ui\nuklear\nuklear_font.c">
      <Filter>Source Files</Filter>
    </ClCompile>
    <ClCompile Include="source\ui\nuklear\nuklear_group.c">
      <Filter>Source Files</Filter>
    </ClCompile>
    <ClCompile Include="source\ui\nuklear\nuklear_image.c">
      <Filter>Source Files</Filter>
    </ClCompile>
    <ClCompile Include="source\ui\nuklear\nuklear_input.c">
      <Filter>Source Files</Filter>
    </ClCompile>
    <ClCompile Include="source\ui\nuklear\nuklear_layout.c">
      <Filter>Source Files</Filter>
    </ClCompile>
    <ClCompile Include="source\ui\nuklear\nuklear_list_view.c">
      <Filter>Source Files</Filter>
    </ClCompile>
    <ClCompile Include="source\ui\nuklear\nuklear_math.c">
      <Filter>Source Files</Filter>
    </ClCompile>
    <ClCompile Include="source\ui\nuklear\nuklear_menu.c">
      <Filter>Source Files</Filter>
    </ClCompile>
    <ClCompile Include="source\ui\nuklear\nuklear_page_element.c">
      <Filter>Source Files</Filter>
    </ClCompile>
    <ClCompile Include="source\ui\nuklear\nuklear_panel.c">
      <Filter>Source Files</Filter>
    </ClCompile>
    <ClCompile Include="source\ui\nuklear\nuklear_pool.c">
      <Filter>Source Files</Filter>
    </ClCompile>
    <ClCompile Include="source\ui\nuklear\nuklear_popup.c">
      <Filter>Source Files</Filter>
    </ClCompile>
    <ClCompile Include="source\ui\nuklear\nuklear_progress.c">
      <Filter>Source Files</Filter>
    </ClCompile>
    <ClCompile Include="source\ui\nuklear\nuklear_property.c">
      <Filter>Source Files</Filter>
    </ClCompile>
    <ClCompile Include="source\ui\nuklear\nuklear_scrollbar.c">
      <Filter>Source Files</Filter>
    </ClCompile>
    <ClCompile Include="source\ui\nuklear\nuklear_selectable.c">
      <Filter>Source Files</Filter>
    </ClCompile>
    <ClCompile Include="source\ui\nuklear\nuklear_slider.c">
      <Filter>Source Files</Filter>
    </ClCompile>
    <ClCompile Include="source\ui\nuklear\nuklear_string.c">
      <Filter>Source Files</Filter>
    </ClCompile>
    <ClCompile Include="source\ui\nuklear\nuklear_style.c">
      <Filter>Source Files</Filter>
    </ClCompile>
    <ClCompile Include="source\ui\nuklear\nuklear_table.c">
      <Filter>Source Files</Filter>
    </ClCompile>
    <ClCompile Include="source\ui\nuklear\nuklear_text.c">
      <Filter>Source Files</Filter>
    </ClCompile>
    <ClCompile Include="source\ui\nuklear\nuklear_text_editor.c">
      <Filter>Source Files</Filter>
    </ClCompile>
    <ClCompile Include="source\ui\nuklear\nuklear_toggle.c">
      <Filter>Source Files</Filter>
    </ClCompile>
    <ClCompile Include="source\ui\nuklear\nuklear_tooltip.c">
      <Filter>Source Files</Filter>
    </ClCompile>
    <ClCompile Include="source\ui\nuklear\nuklear_tree.c">
      <Filter>Source Files</Filter>
    </ClCompile>
    <ClCompile Include="source\ui\nuklear\nuklear_utf8.c">
      <Filter>Source Files</Filter>
    </ClCompile>
    <ClCompile Include="source\ui\nuklear\nuklear_util.c">
      <Filter>Source Files</Filter>
    </ClCompile>
    <ClCompile Include="source\ui\nuklear\nuklear_vertex.c">
      <Filter>Source Files</Filter>
    </ClCompile>
    <ClCompile Include="source\ui\nuklear\nuklear_widget.c">
      <Filter>Source Files</Filter>
    </ClCompile>
    <ClCompile Include="source\ui\nuklear\nuklear_window.c">
      <Filter>Source Files</Filter>
    </ClCompile>
    <ClCompile Include="source\physics\physics_scene.cpp">
      <Filter>Source Files</Filter>
    </ClCompile>
    <ClCompile Include="source\physics\physics_component.cpp">
      <Filter>Source Files</Filter>
    </ClCompile>
    <ClCompile Include="source\physics\physics_material.cpp">
      <Filter>Source Files</Filter>
    </ClCompile>
    <ClCompile Include="source\core\registry.cpp">
      <Filter>Source Files</Filter>
    </ClCompile>
  </ItemGroup>
  <ItemGroup>
    <ClInclude Include="includes\luminos.h">
      <Filter>Header Files</Filter>
    </ClInclude>
    <ClInclude Include="includes\util\fileutils.h">
      <Filter>Header Files</Filter>
    </ClInclude>
    <ClInclude Include="includes\physics\physics_allocator.h">
      <Filter>Header Files</Filter>
    </ClInclude>
    <ClInclude Include="includes\physics\physics_error_callback.h">
      <Filter>Header Files</Filter>
    </ClInclude>
    <ClInclude Include="includes\net\net_api.h">
      <Filter>Header Files</Filter>
    </ClInclude>
    <ClInclude Include="includes\gfx\context.h">
      <Filter>Header Files</Filter>
    </ClInclude>
    <ClInclude Include="includes\gfx\error_callback.h">
      <Filter>Header Files</Filter>
    </ClInclude>
    <ClInclude Include="includes\gfx\frame_buffer.h">
      <Filter>Header Files</Filter>
    </ClInclude>
    <ClInclude Include="includes\gfx\gfx.h">
      <Filter>Header Files</Filter>
    </ClInclude>
    <ClInclude Include="includes\gfx\mesh.h">
      <Filter>Header Files</Filter>
    </ClInclude>
    <ClInclude Include="includes\gfx\model.h">
      <Filter>Header Files</Filter>
    </ClInclude>
    <ClInclude Include="includes\gfx\sampler.h">
      <Filter>Header Files</Filter>
    </ClInclude>
    <ClInclude Include="includes\gfx\shader.h">
      <Filter>Header Files</Filter>
    </ClInclude>
    <ClInclude Include="includes\gfx\shader_buffer.h">
      <Filter>Header Files</Filter>
    </ClInclude>
    <ClInclude Include="includes\gfx\texture.h">
      <Filter>Header Files</Filter>
    </ClInclude>
    <ClInclude Include="includes\gfx\texture_info.h">
      <Filter>Header Files</Filter>
    </ClInclude>
    <ClInclude Include="includes\gfx\vertex_buffer.h">
      <Filter>Header Files</Filter>
    </ClInclude>
    <ClInclude Include="includes\gfx\vertex_layout.h">
      <Filter>Header Files</Filter>
    </ClInclude>
    <ClInclude Include="includes\core\transformation.h">
      <Filter>Header Files</Filter>
    </ClInclude>
    <ClInclude Include="includes\core\window.h">
      <Filter>Header Files</Filter>
    </ClInclude>
    <ClInclude Include="includes\core\core.h">
      <Filter>Header Files</Filter>
    </ClInclude>
    <ClInclude Include="includes\core\inputs\cursor.h">
      <Filter>Header Files</Filter>
    </ClInclude>
    <ClInclude Include="includes\core\inputs\keyboard.h">
      <Filter>Header Files</Filter>
    </ClInclude>
    <ClInclude Include="includes\core\inputs\mouse.h">
      <Filter>Header Files</Filter>
    </ClInclude>
    <ClInclude Include="includes\core\beans\property.h">
      <Filter>Header Files</Filter>
    </ClInclude>
    <ClInclude Include="includes\stb_image.h">
      <Filter>Header Files</Filter>
    </ClInclude>
    <ClInclude Include="includes\gfx\pipeline.h">
      <Filter>Header Files</Filter>
    </ClInclude>
    <ClInclude Include="includes\util\maths.h">
      <Filter>Header Files</Filter>
    </ClInclude>
    <ClInclude Include="includes\util\FastNoise.h">
      <Filter>Header Files</Filter>
    </ClInclude>
    <ClInclude Include="includes\core\ecs\pool.h">
      <Filter>Header Files</Filter>
    </ClInclude>
    <ClInclude Include="includes\core\ecs\ievent.h">
      <Filter>Header Files</Filter>
    </ClInclude>
    <ClInclude Include="includes\core\ecs\event.h">
      <Filter>Header Files</Filter>
    </ClInclude>
    <ClInclude Include="includes\core\ecs\event_manager.h">
      <Filter>Header Files</Filter>
    </ClInclude>
    <ClInclude Include="includes\core\ecs\signal.h">
      <Filter>Header Files</Filter>
    </ClInclude>
    <ClInclude Include="includes\core\ecs\entity.h">
      <Filter>Header Files</Filter>
    </ClInclude>
    <ClInclude Include="includes\core\ecs\isystem.h">
      <Filter>Header Files</Filter>
    </ClInclude>
    <ClInclude Include="includes\core\ecs\system.h">
      <Filter>Header Files</Filter>
    </ClInclude>
    <ClInclude Include="includes\core\timer.h">
      <Filter>Header Files</Filter>
    </ClInclude>
    <ClInclude Include="includes\core\ecs\dependency.h">
      <Filter>Header Files</Filter>
    </ClInclude>
    <ClInclude Include="includes\core\debug_system.h">
      <Filter>Header Files</Filter>
    </ClInclude>
    <ClInclude Include="includes\core\transformation_component.h">
      <Filter>Header Files</Filter>
    </ClInclude>
    <ClInclude Include="includes\gfx\model_submit_event.h">
      <Filter>Header Files</Filter>
    </ClInclude>
    <ClInclude Include="includes\core\debug_event.h">
      <Filter>Header Files</Filter>
    </ClInclude>
    <ClInclude Include="includes\core\debug_message.h">
      <Filter>Header Files</Filter>
    </ClInclude>
    <ClInclude Include="includes\core\ecs\ecs_manager.h">
      <Filter>Header Files</Filter>
    </ClInclude>
    <ClInclude Include="includes\rendering\scene_renderer.h">
      <Filter>Header Files</Filter>
    </ClInclude>
    <ClInclude Include="includes\ui\iui_component.h">
      <Filter>Header Files</Filter>
    </ClInclude>
    <ClInclude Include="includes\ui\widget.h">
      <Filter>Header Files</Filter>
    </ClInclude>
    <ClInclude Include="includes\rendering\ui_renderer.h">
      <Filter>Header Files</Filter>
    </ClInclude>
    <ClInclude Include="includes\rendering\render_system.h">
      <Filter>Header Files</Filter>
    </ClInclude>
    <ClInclude Include="includes\ui\nk_ui.h">
      <Filter>Header Files</Filter>
    </ClInclude>
    <ClInclude Include="includes\ui\ui_layer.h">
      <Filter>Header Files</Filter>
    </ClInclude>
    <ClInclude Include="includes\ui\components\slider_component.h">
      <Filter>Header Files</Filter>
    </ClInclude>
    <ClInclude Include="includes\ui\components\label_component.h">
      <Filter>Header Files</Filter>
    </ClInclude>
    <ClInclude Include="includes\ui\components\button_component.h">
      <Filter>Header Files</Filter>
    </ClInclude>
    <ClInclude Include="includes\core\beans\listenable.h">
      <Filter>Header Files</Filter>
    </ClInclude>
    <ClInclude Include="includes\ui\fps_widget.h">
      <Filter>Header Files</Filter>
    </ClInclude>
    <ClInclude Include="includes\ui\layout.h">
      <Filter>Header Files</Filter>
    </ClInclude>
    <ClInclude Include="includes\ui\debug_widget.h">
      <Filter>Header Files</Filter>
    </ClInclude>
    <ClInclude Include="includes\rendering\screenshot_event.h">
      <Filter>Header Files</Filter>
    </ClInclude>
    <ClInclude Include="includes\rendering\screenshot_system.h">
      <Filter>Header Files</Filter>
    </ClInclude>
    <ClInclude Include="includes\rendering\screenshot.h">
      <Filter>Header Files</Filter>
    </ClInclude>
    <ClInclude Include="includes\rendering\material.h">
      <Filter>Header Files</Filter>
    </ClInclude>
    <ClInclude Include="includes\rendering\renderable_component.h">
      <Filter>Header Files</Filter>
    </ClInclude>
    <ClInclude Include="includes\rendering\terrain.h">
      <Filter>Header Files</Filter>
    </ClInclude>
    <ClInclude Include="includes\rendering\uniform.h">
      <Filter>Header Files</Filter>
    </ClInclude>
    <ClInclude Include="includes\rendering\renderable.h">
      <Filter>Header Files</Filter>
    </ClInclude>
    <ClInclude Include="includes\rendering\resource_library.h">
      <Filter>Header Files</Filter>
    </ClInclude>
    <ClInclude Include="includes\rendering\rendering.h">
      <Filter>Header Files</Filter>
    </ClInclude>
    <ClInclude Include="includes\ui\ui.h">
      <Filter>Header Files</Filter>
    </ClInclude>
    <ClInclude Include="includes\gfx\shader_buffers\components.h">
      <Filter>Header Files</Filter>
    </ClInclude>
    <ClInclude Include="includes\gfx\shader_buffers\lighting.h">
      <Filter>Header Files</Filter>
    </ClInclude>
    <ClInclude Include="includes\core\engine_settings.h">
      <Filter>Header Files</Filter>
    </ClInclude>
    <ClInclude Include="includes\rendering\scene_lighting.h">
      <Filter>Header Files</Filter>
    </ClInclude>
    <ClInclude Include="includes\core\ecs\exclusive.h">
      <Filter>Header Files</Filter>
    </ClInclude>
    <ClInclude Include="includes\rendering\lighting_manager.h">
      <Filter>Header Files</Filter>
    </ClInclude>
    <ClInclude Include="includes\rendering\light_components.h">
      <Filter>Header Files</Filter>
    </ClInclude>
    <ClInclude Include="includes\gfx\camera_component.h">
      <Filter>Header Files</Filter>
    </ClInclude>
    <ClInclude Include="includes\core\engine.h">
      <Filter>Header Files</Filter>
    </ClInclude>
    <ClInclude Include="includes\physics\physics_system.h">
      <Filter>Header Files</Filter>
    </ClInclude>
    <ClInclude Include="includes\core\lookup_table.h">
      <Filter>Header Files</Filter>
    </ClInclude>
    <ClInclude Include="includes\core\texture_data.h">
      <Filter>Header Files</Filter>
    </ClInclude>
    <ClInclude Include="includes\core\assets\texture_library.h">
      <Filter>Header Files</Filter>
    </ClInclude>
    <ClInclude Include="includes\core\assets\pipeline_library.h">
      <Filter>Header Files</Filter>
    </ClInclude>
    <ClInclude Include="includes\core\assets\util.h">
      <Filter>Header Files</Filter>
    </ClInclude>
    <ClInclude Include="includes\core\assets\mesh_library.h">
      <Filter>Header Files</Filter>
    </ClInclude>
    <ClInclude Include="includes\core\assets\material_library.h">
      <Filter>Header Files</Filter>
    </ClInclude>
    <ClInclude Include="includes\physics\physics_manager.h">
      <Filter>Header Files</Filter>
    </ClInclude>
    <ClInclude Include="includes\physics\physics.h">
      <Filter>Header Files</Filter>
    </ClInclude>
    <ClInclude Include="includes\physics\physics_actor.h">
      <Filter>Header Files</Filter>
    </ClInclude>
    <ClInclude Include="includes\physics\physics_scene.h">
      <Filter>Header Files</Filter>
    </ClInclude>
    <ClInclude Include="includes\physics\physics_component.h">
      <Filter>Header Files</Filter>
    </ClInclude>
    <ClInclude Include="includes\physics\physics_material.h">
      <Filter>Header Files</Filter>
    </ClInclude>
    <ClInclude Include="includes\physics\physics_geometry.h">
      <Filter>Header Files</Filter>
    </ClInclude>
    <ClInclude Include="includes\core\registry.h">
      <Filter>Header Files</Filter>
    </ClInclude>
  </ItemGroup>
  <ItemGroup>
    <None Include="resources\functions.head" />
  </ItemGroup>
</Project>