<?xml version="1.0" encoding="utf-8"?>
<Project ToolsVersion="4.0" xmlns="http://schemas.microsoft.com/developer/msbuild/2003">
  <ItemGroup>
    <Filter Include="Source Files">
      <UniqueIdentifier>{4FC737F1-C7A5-4376-A066-2A32D752A2FF}</UniqueIdentifier>
      <Extensions>cpp;c;cc;cxx;def;odl;idl;hpj;bat;asm;asmx</Extensions>
    </Filter>
    <Filter Include="Header Files">
      <UniqueIdentifier>{93995380-89BD-4b04-88EB-625FBE52EBFB}</UniqueIdentifier>
      <Extensions>h;hh;hpp;hxx;hm;inl;inc;xsd</Extensions>
    </Filter>
    <Filter Include="Resource Files">
      <UniqueIdentifier>{67DA6AB6-F800-4c08-8B7A-83BB121AAD01}</UniqueIdentifier>
      <Extensions>rc;ico;cur;bmp;dlg;rc2;rct;bin;rgs;gif;jpg;jpeg;jpe;resx;tiff;tif;png;wav;mfcribbon-ms</Extensions>
    </Filter>
  </ItemGroup>
  <ItemGroup>
    <ClCompile Include="source\filereader.cpp">
      <Filter>Source Files</Filter>
    </ClCompile>
    <ClCompile Include="source\serialization_utilities.cpp">
      <Filter>Source Files</Filter>
    </ClCompile>
    <ClCompile Include="source\serialization_string.cpp">
      <Filter>Source Files</Filter>
    </ClCompile>
    <ClCompile Include="source\serialization_array.cpp">
      <Filter>Source Files</Filter>
    </ClCompile>
    <ClCompile Include="source\serialization_field.cpp">
      <Filter>Source Files</Filter>
    </ClCompile>
    <ClCompile Include="source\serialization_bone.cpp">
      <Filter>Source Files</Filter>
    </ClCompile>
    <ClCompile Include="source\serialization_animationbehavior.cpp">
      <Filter>Source Files</Filter>
    </ClCompile>
    <ClCompile Include="source\serialization_mesh.cpp">
      <Filter>Source Files</Filter>
    </ClCompile>
    <ClCompile Include="source\serialization_meshanim.cpp">
      <Filter>Source Files</Filter>
    </ClCompile>
    <ClCompile Include="source\serialization_nodeanim.cpp">
      <Filter>Source Files</Filter>
    </ClCompile>
    <ClCompile Include="source\serialization_animation.cpp">
      <Filter>Source Files</Filter>
    </ClCompile>
    <ClCompile Include="source\serialization_model.cpp">
      <Filter>Source Files</Filter>
    </ClCompile>
    <ClCompile Include="source\serialization_object.cpp">
      <Filter>Source Files</Filter>
    </ClCompile>
    <ClCompile Include="source\serialization_database.cpp">
      <Filter>Source Files</Filter>
    </ClCompile>
    <ClCompile Include="source\serialization_modelloader.cpp">
      <Filter>Source Files</Filter>
    </ClCompile>
    <ClCompile Include="source\shader_utility.cpp">
      <Filter>Source Files</Filter>
    </ClCompile>
    <ClCompile Include="source\filewriter.cpp">
      <Filter>Source Files</Filter>
    </ClCompile>
    <ClCompile Include="tests\test_luminos_arraylist.cpp">
      <Filter>Source Files</Filter>
    </ClCompile>
    <ClCompile Include="tests\test_main.cpp">
      <Filter>Source Files</Filter>
    </ClCompile>
    <ClCompile Include="source\arraylist.cpp">
      <Filter>Source Files</Filter>
    </ClCompile>
    <ClCompile Include="source\allocator.cpp">
      <Filter>Source Files</Filter>
    </ClCompile>
  </ItemGroup>
  <ItemGroup>
    <ClInclude Include="includes\filereader.h">
      <Filter>Header Files</Filter>
    </ClInclude>
    <ClInclude Include="includes\common.h">
      <Filter>Header Files</Filter>
    </ClInclude>
    <ClInclude Include="includes\serialization_utilities.h">
      <Filter>Header Files</Filter>
    </ClInclude>
    <ClInclude Include="includes\serialization_string.h">
      <Filter>Header Files</Filter>
    </ClInclude>
    <ClInclude Include="includes\serialization_array.h">
      <Filter>Header Files</Filter>
    </ClInclude>
    <ClInclude Include="includes\serialization_field.h">
      <Filter>Header Files</Filter>
    </ClInclude>
    <ClInclude Include="includes\serialization_bone.h">
      <Filter>Header Files</Filter>
    </ClInclude>
    <ClInclude Include="includes\serialization_animationbehavior.h">
      <Filter>Header Files</Filter>
    </ClInclude>
    <ClInclude Include="includes\serialization_animbehave.h">
      <Filter>Header Files</Filter>
    </ClInclude>
    <ClInclude Include="includes\serialization_vertex.h">
      <Filter>Header Files</Filter>
    </ClInclude>
    <ClInclude Include="includes\serialization_mesh.h">
      <Filter>Header Files</Filter>
    </ClInclude>
    <ClInclude Include="includes\serialization_meshanim.h">
      <Filter>Header Files</Filter>
    </ClInclude>
    <ClInclude Include="includes\serialization_nodeanim.h">
      <Filter>Header Files</Filter>
    </ClInclude>
    <ClInclude Include="includes\serialization_animation.h">
      <Filter>Header Files</Filter>
    </ClInclude>
    <ClInclude Include="includes\serialization_model.h">
      <Filter>Header Files</Filter>
    </ClInclude>
    <ClInclude Include="includes\serialization_object.h">
      <Filter>Header Files</Filter>
    </ClInclude>
    <ClInclude Include="includes\serialization_database.h">
      <Filter>Header Files</Filter>
    </ClInclude>
    <ClInclude Include="includes\serialization_modelloader.h">
      <Filter>Header Files</Filter>
    </ClInclude>
    <ClInclude Include="includes\shader_utility.h">
      <Filter>Header Files</Filter>
    </ClInclude>
    <ClInclude Include="includes\filewriter.h">
      <Filter>Header Files</Filter>
    </ClInclude>
    <ClInclude Include="tests\test_luminos_arraylist.h">
      <Filter>Header Files</Filter>
    </ClInclude>
    <ClInclude Include="includes\debug.h">
      <Filter>Header Files</Filter>
    </ClInclude>
    <ClInclude Include="includes\json_serializable.h">
      <Filter>Header Files</Filter>
    </ClInclude>
    <ClInclude Include="includes\non_copyable.h">
      <Filter>Header Files</Filter>
    </ClInclude>
    <ClInclude Include="includes\allocator.h">
      <Filter>Header Files</Filter>
    </ClInclude>
    <ClInclude Include="includes\arraylist.h">
      <Filter>Header Files</Filter>
    </ClInclude>
    <ClInclude Include="includes\luminos-util.h">
      <Filter>Header Files</Filter>
    </ClInclude>
  </ItemGroup>
</Project>